// !$*UTF8*$!
{
	archiveVersion = 1;
	classes = {
	};
	objectVersion = 42;
	objects = {

/* Begin PBXBuildFile section */
		0BABEB251701B6F300573236 /* Syphon.framework in Frameworks */ = {isa = PBXBuildFile; fileRef = 0BABEB171701B6F300573236 /* Syphon.framework */; };
		0BABEB261701B6F400573236 /* SyphonNameboundClient.m in Sources */ = {isa = PBXBuildFile; fileRef = 0BABEB1A1701B6F300573236 /* SyphonNameboundClient.m */; };
		0BABEB271701B6F400573236 /* ofxSyphonClient.mm in Sources */ = {isa = PBXBuildFile; fileRef = 0BABEB1F1701B6F300573236 /* ofxSyphonClient.mm */; };
		0BABEB281701B6F400573236 /* ofxSyphonServer.mm in Sources */ = {isa = PBXBuildFile; fileRef = 0BABEB211701B6F300573236 /* ofxSyphonServer.mm */; };
		0BABEB351701C0F100573236 /* Syphon.framework in CopyFiles */ = {isa = PBXBuildFile; fileRef = 0BABEB341701C0F100573236 /* Syphon.framework */; };
		BBAB23CB13894F3D00AA2426 /* GLUT.framework in CopyFiles */ = {isa = PBXBuildFile; fileRef = BBAB23BE13894E4700AA2426 /* GLUT.framework */; };
		E4328149138ABC9F0047C5CB /* openFrameworksDebug.a in Frameworks */ = {isa = PBXBuildFile; fileRef = E4328148138ABC890047C5CB /* openFrameworksDebug.a */; };
		E45BE97B0E8CC7DD009D7055 /* AGL.framework in Frameworks */ = {isa = PBXBuildFile; fileRef = E45BE9710E8CC7DD009D7055 /* AGL.framework */; };
		E45BE97C0E8CC7DD009D7055 /* ApplicationServices.framework in Frameworks */ = {isa = PBXBuildFile; fileRef = E45BE9720E8CC7DD009D7055 /* ApplicationServices.framework */; };
		E45BE97D0E8CC7DD009D7055 /* AudioToolbox.framework in Frameworks */ = {isa = PBXBuildFile; fileRef = E45BE9730E8CC7DD009D7055 /* AudioToolbox.framework */; };
		E45BE97E0E8CC7DD009D7055 /* Carbon.framework in Frameworks */ = {isa = PBXBuildFile; fileRef = E45BE9740E8CC7DD009D7055 /* Carbon.framework */; };
		E45BE97F0E8CC7DD009D7055 /* CoreAudio.framework in Frameworks */ = {isa = PBXBuildFile; fileRef = E45BE9750E8CC7DD009D7055 /* CoreAudio.framework */; };
		E45BE9800E8CC7DD009D7055 /* CoreFoundation.framework in Frameworks */ = {isa = PBXBuildFile; fileRef = E45BE9760E8CC7DD009D7055 /* CoreFoundation.framework */; };
		E45BE9810E8CC7DD009D7055 /* CoreServices.framework in Frameworks */ = {isa = PBXBuildFile; fileRef = E45BE9770E8CC7DD009D7055 /* CoreServices.framework */; };
		E45BE9830E8CC7DD009D7055 /* OpenGL.framework in Frameworks */ = {isa = PBXBuildFile; fileRef = E45BE9790E8CC7DD009D7055 /* OpenGL.framework */; };
		E45BE9840E8CC7DD009D7055 /* QuickTime.framework in Frameworks */ = {isa = PBXBuildFile; fileRef = E45BE97A0E8CC7DD009D7055 /* QuickTime.framework */; };
		E4B69E200A3A1BDC003C02F2 /* main.cpp in Sources */ = {isa = PBXBuildFile; fileRef = E4B69E1D0A3A1BDC003C02F2 /* main.cpp */; };
		E4B69E210A3A1BDC003C02F2 /* testApp.cpp in Sources */ = {isa = PBXBuildFile; fileRef = E4B69E1E0A3A1BDC003C02F2 /* testApp.cpp */; };
		E4C2424710CC5A17004149E2 /* AppKit.framework in Frameworks */ = {isa = PBXBuildFile; fileRef = E4C2424410CC5A17004149E2 /* AppKit.framework */; };
		E4C2424810CC5A17004149E2 /* Cocoa.framework in Frameworks */ = {isa = PBXBuildFile; fileRef = E4C2424510CC5A17004149E2 /* Cocoa.framework */; };
		E4C2424910CC5A17004149E2 /* IOKit.framework in Frameworks */ = {isa = PBXBuildFile; fileRef = E4C2424610CC5A17004149E2 /* IOKit.framework */; };
		E4EB6799138ADC1D00A09F29 /* GLUT.framework in Frameworks */ = {isa = PBXBuildFile; fileRef = BBAB23BE13894E4700AA2426 /* GLUT.framework */; };
		EE2E78BB14ECFECD00CEFD73 /* ofxTCPClient.cpp in Sources */ = {isa = PBXBuildFile; fileRef = EE2E786214ECFECC00CEFD73 /* ofxTCPClient.cpp */; };
		EE2E78BC14ECFECD00CEFD73 /* ofxTCPManager.cpp in Sources */ = {isa = PBXBuildFile; fileRef = EE2E786414ECFECC00CEFD73 /* ofxTCPManager.cpp */; };
		EE2E78BD14ECFECD00CEFD73 /* ofxTCPServer.cpp in Sources */ = {isa = PBXBuildFile; fileRef = EE2E786614ECFECC00CEFD73 /* ofxTCPServer.cpp */; };
		EE2E78BE14ECFECD00CEFD73 /* ofxUDPManager.cpp in Sources */ = {isa = PBXBuildFile; fileRef = EE2E786814ECFECC00CEFD73 /* ofxUDPManager.cpp */; };
		EE2E78BF14ECFECD00CEFD73 /* GuiContainer.cpp in Sources */ = {isa = PBXBuildFile; fileRef = EE2E787014ECFECC00CEFD73 /* GuiContainer.cpp */; };
		EE2E78C014ECFECD00CEFD73 /* GuiControl.cpp in Sources */ = {isa = PBXBuildFile; fileRef = EE2E787214ECFECC00CEFD73 /* GuiControl.cpp */; };
		EE2E78C114ECFECD00CEFD73 /* GuiResources.cpp in Sources */ = {isa = PBXBuildFile; fileRef = EE2E787514ECFECC00CEFD73 /* GuiResources.cpp */; };
		EE2E78C214ECFECD00CEFD73 /* GuiTypes.cpp in Sources */ = {isa = PBXBuildFile; fileRef = EE2E787714ECFECC00CEFD73 /* GuiTypes.cpp */; };
		EE2E78C314ECFECD00CEFD73 /* GuiBuilderMenu.cpp in Sources */ = {isa = PBXBuildFile; fileRef = EE2E787C14ECFECC00CEFD73 /* GuiBuilderMenu.cpp */; };
		EE2E78C414ECFECD00CEFD73 /* GuiMenu.cpp in Sources */ = {isa = PBXBuildFile; fileRef = EE2E787F14ECFECC00CEFD73 /* GuiMenu.cpp */; };
		EE2E78C514ECFECD00CEFD73 /* ofxXmlGui.cpp in Sources */ = {isa = PBXBuildFile; fileRef = EE2E78A214ECFECD00CEFD73 /* ofxXmlGui.cpp */; };
		EE2E78C614ECFECD00CEFD73 /* ColorUtils.cpp in Sources */ = {isa = PBXBuildFile; fileRef = EE2E78A514ECFECD00CEFD73 /* ColorUtils.cpp */; };
		EE2E78C714ECFECD00CEFD73 /* StringUtils.cpp in Sources */ = {isa = PBXBuildFile; fileRef = EE2E78A814ECFECD00CEFD73 /* StringUtils.cpp */; };
		EE2E78C814ECFECD00CEFD73 /* tinyxml.cpp in Sources */ = {isa = PBXBuildFile; fileRef = EE2E78AD14ECFECD00CEFD73 /* tinyxml.cpp */; };
		EE2E78C914ECFECD00CEFD73 /* tinyxmlerror.cpp in Sources */ = {isa = PBXBuildFile; fileRef = EE2E78AF14ECFECD00CEFD73 /* tinyxmlerror.cpp */; };
		EE2E78CA14ECFECD00CEFD73 /* tinyxmlparser.cpp in Sources */ = {isa = PBXBuildFile; fileRef = EE2E78B014ECFECD00CEFD73 /* tinyxmlparser.cpp */; };
		EE2E78CB14ECFECD00CEFD73 /* ofxXmlSettings.cpp in Sources */ = {isa = PBXBuildFile; fileRef = EE2E78B214ECFECD00CEFD73 /* ofxXmlSettings.cpp */; };
		EE2E78CC14ECFECD00CEFD73 /* SmoothEdgeBlend.frag in Sources */ = {isa = PBXBuildFile; fileRef = EE2E78B614ECFECD00CEFD73 /* SmoothEdgeBlend.frag */; };
		EE2E78CD14ECFECD00CEFD73 /* SmoothEdgeBlend.vert in Sources */ = {isa = PBXBuildFile; fileRef = EE2E78B714ECFECD00CEFD73 /* SmoothEdgeBlend.vert */; };
		EE2E78CE14ECFECD00CEFD73 /* ofxProjectorBlend.cpp in Sources */ = {isa = PBXBuildFile; fileRef = EE2E78B914ECFECD00CEFD73 /* ofxProjectorBlend.cpp */; };
/* End PBXBuildFile section */

/* Begin PBXContainerItemProxy section */
		E4328147138ABC890047C5CB /* PBXContainerItemProxy */ = {
			isa = PBXContainerItemProxy;
			containerPortal = E4328143138ABC890047C5CB /* openFrameworksLib.xcodeproj */;
			proxyType = 2;
			remoteGlobalIDString = E4B27C1510CBEB8E00536013;
			remoteInfo = openFrameworks;
		};
		E4EEB9AB138B136A00A80321 /* PBXContainerItemProxy */ = {
			isa = PBXContainerItemProxy;
			containerPortal = E4328143138ABC890047C5CB /* openFrameworksLib.xcodeproj */;
			proxyType = 1;
			remoteGlobalIDString = E4B27C1410CBEB8E00536013;
			remoteInfo = openFrameworks;
		};
/* End PBXContainerItemProxy section */

/* Begin PBXCopyFilesBuildPhase section */
		E4C2427710CC5ABF004149E2 /* CopyFiles */ = {
			isa = PBXCopyFilesBuildPhase;
			buildActionMask = 2147483647;
			dstPath = "";
			dstSubfolderSpec = 10;
			files = (
				0BABEB351701C0F100573236 /* Syphon.framework in CopyFiles */,
				BBAB23CB13894F3D00AA2426 /* GLUT.framework in CopyFiles */,
			);
			runOnlyForDeploymentPostprocessing = 0;
		};
/* End PBXCopyFilesBuildPhase section */

/* Begin PBXFileReference section */
		0BABEB121701B6F300573236 /* .gitignore */ = {isa = PBXFileReference; fileEncoding = 4; lastKnownFileType = text; path = .gitignore; sourceTree = "<group>"; };
		0BABEB171701B6F300573236 /* Syphon.framework */ = {isa = PBXFileReference; lastKnownFileType = wrapper.framework; path = Syphon.framework; sourceTree = "<group>"; };
		0BABEB191701B6F300573236 /* SyphonNameboundClient.h */ = {isa = PBXFileReference; fileEncoding = 4; lastKnownFileType = sourcecode.c.h; path = SyphonNameboundClient.h; sourceTree = "<group>"; };
		0BABEB1A1701B6F300573236 /* SyphonNameboundClient.m */ = {isa = PBXFileReference; fileEncoding = 4; lastKnownFileType = sourcecode.c.objc; path = SyphonNameboundClient.m; sourceTree = "<group>"; };
		0BABEB1B1701B6F300573236 /* README */ = {isa = PBXFileReference; fileEncoding = 4; lastKnownFileType = text; path = README; sourceTree = "<group>"; };
		0BABEB1D1701B6F300573236 /* ofxSyphon.h */ = {isa = PBXFileReference; fileEncoding = 4; lastKnownFileType = sourcecode.c.h; path = ofxSyphon.h; sourceTree = "<group>"; };
		0BABEB1E1701B6F300573236 /* ofxSyphonClient.h */ = {isa = PBXFileReference; fileEncoding = 4; lastKnownFileType = sourcecode.c.h; path = ofxSyphonClient.h; sourceTree = "<group>"; };
		0BABEB1F1701B6F300573236 /* ofxSyphonClient.mm */ = {isa = PBXFileReference; fileEncoding = 4; lastKnownFileType = sourcecode.cpp.objcpp; path = ofxSyphonClient.mm; sourceTree = "<group>"; };
		0BABEB201701B6F300573236 /* ofxSyphonServer.h */ = {isa = PBXFileReference; fileEncoding = 4; lastKnownFileType = sourcecode.c.h; path = ofxSyphonServer.h; sourceTree = "<group>"; };
		0BABEB211701B6F300573236 /* ofxSyphonServer.mm */ = {isa = PBXFileReference; fileEncoding = 4; lastKnownFileType = sourcecode.cpp.objcpp; path = ofxSyphonServer.mm; sourceTree = "<group>"; };
		0BABEB231701B6F300573236 /* Simple Client.app */ = {isa = PBXFileReference; lastKnownFileType = wrapper.application; path = "Simple Client.app"; sourceTree = "<group>"; };
		0BABEB241701B6F300573236 /* Simple Server.app */ = {isa = PBXFileReference; lastKnownFileType = wrapper.application; path = "Simple Server.app"; sourceTree = "<group>"; };
		0BABEB341701C0F100573236 /* Syphon.framework */ = {isa = PBXFileReference; lastKnownFileType = wrapper.framework; name = Syphon.framework; path = ../../../addons/ofxSyphon/libs/Syphon/lib/osx/Syphon.framework; sourceTree = "<group>"; };
		BBAB23BE13894E4700AA2426 /* GLUT.framework */ = {isa = PBXFileReference; lastKnownFileType = wrapper.framework; name = GLUT.framework; path = ../../../libs/glut/lib/osx/GLUT.framework; sourceTree = "<group>"; };
		E4328143138ABC890047C5CB /* openFrameworksLib.xcodeproj */ = {isa = PBXFileReference; lastKnownFileType = "wrapper.pb-project"; name = openFrameworksLib.xcodeproj; path = ../../../libs/openFrameworksCompiled/project/osx/openFrameworksLib.xcodeproj; sourceTree = SOURCE_ROOT; };
		E45BE9710E8CC7DD009D7055 /* AGL.framework */ = {isa = PBXFileReference; lastKnownFileType = wrapper.framework; name = AGL.framework; path = /System/Library/Frameworks/AGL.framework; sourceTree = "<absolute>"; };
		E45BE9720E8CC7DD009D7055 /* ApplicationServices.framework */ = {isa = PBXFileReference; lastKnownFileType = wrapper.framework; name = ApplicationServices.framework; path = /System/Library/Frameworks/ApplicationServices.framework; sourceTree = "<absolute>"; };
		E45BE9730E8CC7DD009D7055 /* AudioToolbox.framework */ = {isa = PBXFileReference; lastKnownFileType = wrapper.framework; name = AudioToolbox.framework; path = /System/Library/Frameworks/AudioToolbox.framework; sourceTree = "<absolute>"; };
		E45BE9740E8CC7DD009D7055 /* Carbon.framework */ = {isa = PBXFileReference; lastKnownFileType = wrapper.framework; name = Carbon.framework; path = /System/Library/Frameworks/Carbon.framework; sourceTree = "<absolute>"; };
		E45BE9750E8CC7DD009D7055 /* CoreAudio.framework */ = {isa = PBXFileReference; lastKnownFileType = wrapper.framework; name = CoreAudio.framework; path = /System/Library/Frameworks/CoreAudio.framework; sourceTree = "<absolute>"; };
		E45BE9760E8CC7DD009D7055 /* CoreFoundation.framework */ = {isa = PBXFileReference; lastKnownFileType = wrapper.framework; name = CoreFoundation.framework; path = /System/Library/Frameworks/CoreFoundation.framework; sourceTree = "<absolute>"; };
		E45BE9770E8CC7DD009D7055 /* CoreServices.framework */ = {isa = PBXFileReference; lastKnownFileType = wrapper.framework; name = CoreServices.framework; path = /System/Library/Frameworks/CoreServices.framework; sourceTree = "<absolute>"; };
		E45BE9790E8CC7DD009D7055 /* OpenGL.framework */ = {isa = PBXFileReference; lastKnownFileType = wrapper.framework; name = OpenGL.framework; path = /System/Library/Frameworks/OpenGL.framework; sourceTree = "<absolute>"; };
		E45BE97A0E8CC7DD009D7055 /* QuickTime.framework */ = {isa = PBXFileReference; lastKnownFileType = wrapper.framework; name = QuickTime.framework; path = /System/Library/Frameworks/QuickTime.framework; sourceTree = "<absolute>"; };
		E4B69B5B0A3A1756003C02F2 /* emptyExampleDebug.app */ = {isa = PBXFileReference; explicitFileType = wrapper.application; includeInIndex = 0; path = emptyExampleDebug.app; sourceTree = BUILT_PRODUCTS_DIR; };
		E4B69E1D0A3A1BDC003C02F2 /* main.cpp */ = {isa = PBXFileReference; fileEncoding = 30; lastKnownFileType = sourcecode.cpp.cpp; name = main.cpp; path = src/main.cpp; sourceTree = SOURCE_ROOT; };
		E4B69E1E0A3A1BDC003C02F2 /* testApp.cpp */ = {isa = PBXFileReference; explicitFileType = sourcecode.cpp.cpp; fileEncoding = 30; name = testApp.cpp; path = src/testApp.cpp; sourceTree = SOURCE_ROOT; };
		E4B69E1F0A3A1BDC003C02F2 /* testApp.h */ = {isa = PBXFileReference; fileEncoding = 30; lastKnownFileType = sourcecode.c.h; name = testApp.h; path = src/testApp.h; sourceTree = SOURCE_ROOT; };
		E4B6FCAD0C3E899E008CF71C /* openFrameworks-Info.plist */ = {isa = PBXFileReference; fileEncoding = 30; lastKnownFileType = text.plist.xml; path = "openFrameworks-Info.plist"; sourceTree = "<group>"; };
		E4C2424410CC5A17004149E2 /* AppKit.framework */ = {isa = PBXFileReference; lastKnownFileType = wrapper.framework; name = AppKit.framework; path = /System/Library/Frameworks/AppKit.framework; sourceTree = "<absolute>"; };
		E4C2424510CC5A17004149E2 /* Cocoa.framework */ = {isa = PBXFileReference; lastKnownFileType = wrapper.framework; name = Cocoa.framework; path = /System/Library/Frameworks/Cocoa.framework; sourceTree = "<absolute>"; };
		E4C2424610CC5A17004149E2 /* IOKit.framework */ = {isa = PBXFileReference; lastKnownFileType = wrapper.framework; name = IOKit.framework; path = /System/Library/Frameworks/IOKit.framework; sourceTree = "<absolute>"; };
		E4EB691F138AFCF100A09F29 /* CoreOF.xcconfig */ = {isa = PBXFileReference; fileEncoding = 4; lastKnownFileType = text.xcconfig; name = CoreOF.xcconfig; path = ../../../libs/openFrameworksCompiled/project/osx/CoreOF.xcconfig; sourceTree = SOURCE_ROOT; };
		E4EB6923138AFD0F00A09F29 /* Project.xcconfig */ = {isa = PBXFileReference; fileEncoding = 4; lastKnownFileType = text.xcconfig; path = Project.xcconfig; sourceTree = "<group>"; };
		EE2E785D14ECFECC00CEFD73 /* Instructions.txt */ = {isa = PBXFileReference; fileEncoding = 4; lastKnownFileType = text; path = Instructions.txt; sourceTree = "<group>"; };
		EE2E785E14ECFECC00CEFD73 /* install.xml */ = {isa = PBXFileReference; fileEncoding = 4; lastKnownFileType = text.xml; path = install.xml; sourceTree = "<group>"; };
		EE2E786014ECFECC00CEFD73 /* ofxNetwork.h */ = {isa = PBXFileReference; fileEncoding = 4; lastKnownFileType = sourcecode.c.h; path = ofxNetwork.h; sourceTree = "<group>"; };
		EE2E786114ECFECC00CEFD73 /* ofxNetworkUtils.h */ = {isa = PBXFileReference; fileEncoding = 4; lastKnownFileType = sourcecode.c.h; path = ofxNetworkUtils.h; sourceTree = "<group>"; };
		EE2E786214ECFECC00CEFD73 /* ofxTCPClient.cpp */ = {isa = PBXFileReference; fileEncoding = 4; lastKnownFileType = sourcecode.cpp.cpp; path = ofxTCPClient.cpp; sourceTree = "<group>"; };
		EE2E786314ECFECC00CEFD73 /* ofxTCPClient.h */ = {isa = PBXFileReference; fileEncoding = 4; lastKnownFileType = sourcecode.c.h; path = ofxTCPClient.h; sourceTree = "<group>"; };
		EE2E786414ECFECC00CEFD73 /* ofxTCPManager.cpp */ = {isa = PBXFileReference; fileEncoding = 4; lastKnownFileType = sourcecode.cpp.cpp; path = ofxTCPManager.cpp; sourceTree = "<group>"; };
		EE2E786514ECFECC00CEFD73 /* ofxTCPManager.h */ = {isa = PBXFileReference; fileEncoding = 4; lastKnownFileType = sourcecode.c.h; path = ofxTCPManager.h; sourceTree = "<group>"; };
		EE2E786614ECFECC00CEFD73 /* ofxTCPServer.cpp */ = {isa = PBXFileReference; fileEncoding = 4; lastKnownFileType = sourcecode.cpp.cpp; path = ofxTCPServer.cpp; sourceTree = "<group>"; };
		EE2E786714ECFECC00CEFD73 /* ofxTCPServer.h */ = {isa = PBXFileReference; fileEncoding = 4; lastKnownFileType = sourcecode.c.h; path = ofxTCPServer.h; sourceTree = "<group>"; };
		EE2E786814ECFECC00CEFD73 /* ofxUDPManager.cpp */ = {isa = PBXFileReference; fileEncoding = 4; lastKnownFileType = sourcecode.cpp.cpp; path = ofxUDPManager.cpp; sourceTree = "<group>"; };
		EE2E786914ECFECC00CEFD73 /* ofxUDPManager.h */ = {isa = PBXFileReference; fileEncoding = 4; lastKnownFileType = sourcecode.c.h; path = ofxUDPManager.h; sourceTree = "<group>"; };
		EE2E786C14ECFECC00CEFD73 /* ofxThread.h */ = {isa = PBXFileReference; fileEncoding = 4; lastKnownFileType = sourcecode.c.h; path = ofxThread.h; sourceTree = "<group>"; };
		EE2E787014ECFECC00CEFD73 /* GuiContainer.cpp */ = {isa = PBXFileReference; fileEncoding = 4; lastKnownFileType = sourcecode.cpp.cpp; path = GuiContainer.cpp; sourceTree = "<group>"; };
		EE2E787114ECFECC00CEFD73 /* GuiContainer.h */ = {isa = PBXFileReference; fileEncoding = 4; lastKnownFileType = sourcecode.c.h; path = GuiContainer.h; sourceTree = "<group>"; };
		EE2E787214ECFECC00CEFD73 /* GuiControl.cpp */ = {isa = PBXFileReference; fileEncoding = 4; lastKnownFileType = sourcecode.cpp.cpp; path = GuiControl.cpp; sourceTree = "<group>"; };
		EE2E787314ECFECC00CEFD73 /* GuiControl.h */ = {isa = PBXFileReference; fileEncoding = 4; lastKnownFileType = sourcecode.c.h; path = GuiControl.h; sourceTree = "<group>"; };
		EE2E787414ECFECC00CEFD73 /* GuiListener.h */ = {isa = PBXFileReference; fileEncoding = 4; lastKnownFileType = sourcecode.c.h; path = GuiListener.h; sourceTree = "<group>"; };
		EE2E787514ECFECC00CEFD73 /* GuiResources.cpp */ = {isa = PBXFileReference; fileEncoding = 4; lastKnownFileType = sourcecode.cpp.cpp; path = GuiResources.cpp; sourceTree = "<group>"; };
		EE2E787614ECFECC00CEFD73 /* GuiResources.h */ = {isa = PBXFileReference; fileEncoding = 4; lastKnownFileType = sourcecode.c.h; path = GuiResources.h; sourceTree = "<group>"; };
		EE2E787714ECFECC00CEFD73 /* GuiTypes.cpp */ = {isa = PBXFileReference; fileEncoding = 4; lastKnownFileType = sourcecode.cpp.cpp; path = GuiTypes.cpp; sourceTree = "<group>"; };
		EE2E787814ECFECC00CEFD73 /* ParameterInfo.h */ = {isa = PBXFileReference; fileEncoding = 4; lastKnownFileType = sourcecode.c.h; path = ParameterInfo.h; sourceTree = "<group>"; };
		EE2E787A14ECFECC00CEFD73 /* GuiBuilderHierarchy.h */ = {isa = PBXFileReference; fileEncoding = 4; lastKnownFileType = sourcecode.c.h; path = GuiBuilderHierarchy.h; sourceTree = "<group>"; };
		EE2E787B14ECFECC00CEFD73 /* GuiBuilderInspector.h */ = {isa = PBXFileReference; fileEncoding = 4; lastKnownFileType = sourcecode.c.h; path = GuiBuilderInspector.h; sourceTree = "<group>"; };
		EE2E787C14ECFECC00CEFD73 /* GuiBuilderMenu.cpp */ = {isa = PBXFileReference; fileEncoding = 4; lastKnownFileType = sourcecode.cpp.cpp; path = GuiBuilderMenu.cpp; sourceTree = "<group>"; };
		EE2E787D14ECFECC00CEFD73 /* GuiBuilderMenu.h */ = {isa = PBXFileReference; fileEncoding = 4; lastKnownFileType = sourcecode.c.h; path = GuiBuilderMenu.h; sourceTree = "<group>"; };
		EE2E787F14ECFECC00CEFD73 /* GuiMenu.cpp */ = {isa = PBXFileReference; fileEncoding = 4; lastKnownFileType = sourcecode.cpp.cpp; path = GuiMenu.cpp; sourceTree = "<group>"; };
		EE2E788014ECFECC00CEFD73 /* GuiMenu.h */ = {isa = PBXFileReference; fileEncoding = 4; lastKnownFileType = sourcecode.c.h; path = GuiMenu.h; sourceTree = "<group>"; };
		EE2E788314ECFECD00CEFD73 /* GuiButton.h */ = {isa = PBXFileReference; fileEncoding = 4; lastKnownFileType = sourcecode.c.h; path = GuiButton.h; sourceTree = "<group>"; };
		EE2E788414ECFECD00CEFD73 /* GuiColorPicker.h */ = {isa = PBXFileReference; fileEncoding = 4; lastKnownFileType = sourcecode.c.h; path = GuiColorPicker.h; sourceTree = "<group>"; };
		EE2E788514ECFECD00CEFD73 /* GuiContour.h */ = {isa = PBXFileReference; fileEncoding = 4; lastKnownFileType = sourcecode.c.h; path = GuiContour.h; sourceTree = "<group>"; };
		EE2E788614ECFECD00CEFD73 /* GuiDoubleField.h */ = {isa = PBXFileReference; fileEncoding = 4; lastKnownFileType = sourcecode.c.h; path = GuiDoubleField.h; sourceTree = "<group>"; };
		EE2E788714ECFECD00CEFD73 /* GuiDrawable.h */ = {isa = PBXFileReference; fileEncoding = 4; lastKnownFileType = sourcecode.c.h; path = GuiDrawable.h; sourceTree = "<group>"; };
		EE2E788814ECFECD00CEFD73 /* GuiFloatField.h */ = {isa = PBXFileReference; fileEncoding = 4; lastKnownFileType = sourcecode.c.h; path = GuiFloatField.h; sourceTree = "<group>"; };
		EE2E788914ECFECD00CEFD73 /* GuiFPSCounter.h */ = {isa = PBXFileReference; fileEncoding = 4; lastKnownFileType = sourcecode.c.h; path = GuiFPSCounter.h; sourceTree = "<group>"; };
		EE2E788A14ECFECD00CEFD73 /* GuiGrid.h */ = {isa = PBXFileReference; fileEncoding = 4; lastKnownFileType = sourcecode.c.h; path = GuiGrid.h; sourceTree = "<group>"; };
		EE2E788B14ECFECD00CEFD73 /* GuiIntField.h */ = {isa = PBXFileReference; fileEncoding = 4; lastKnownFileType = sourcecode.c.h; path = GuiIntField.h; sourceTree = "<group>"; };
		EE2E788C14ECFECD00CEFD73 /* GuiKeyboard.h */ = {isa = PBXFileReference; fileEncoding = 4; lastKnownFileType = sourcecode.c.h; path = GuiKeyboard.h; sourceTree = "<group>"; };
		EE2E788D14ECFECD00CEFD73 /* GuiKnob.h */ = {isa = PBXFileReference; fileEncoding = 4; lastKnownFileType = sourcecode.c.h; path = GuiKnob.h; sourceTree = "<group>"; };
		EE2E788E14ECFECD00CEFD73 /* GuiList.h */ = {isa = PBXFileReference; fileEncoding = 4; lastKnownFileType = sourcecode.c.h; path = GuiList.h; sourceTree = "<group>"; };
		EE2E788F14ECFECD00CEFD73 /* GuiMeter.h */ = {isa = PBXFileReference; fileEncoding = 4; lastKnownFileType = sourcecode.c.h; path = GuiMeter.h; sourceTree = "<group>"; };
		EE2E789014ECFECD00CEFD73 /* GuiPanner.h */ = {isa = PBXFileReference; fileEncoding = 4; lastKnownFileType = sourcecode.c.h; path = GuiPanner.h; sourceTree = "<group>"; };
		EE2E789114ECFECD00CEFD73 /* GuiSegmentedControl.h */ = {isa = PBXFileReference; fileEncoding = 4; lastKnownFileType = sourcecode.c.h; path = GuiSegmentedControl.h; sourceTree = "<group>"; };
		EE2E789214ECFECD00CEFD73 /* GuiSlider.h */ = {isa = PBXFileReference; fileEncoding = 4; lastKnownFileType = sourcecode.c.h; path = GuiSlider.h; sourceTree = "<group>"; };
		EE2E789314ECFECD00CEFD73 /* GuiSlider2D.h */ = {isa = PBXFileReference; fileEncoding = 4; lastKnownFileType = sourcecode.c.h; path = GuiSlider2D.h; sourceTree = "<group>"; };
		EE2E789414ECFECD00CEFD73 /* GuiText.h */ = {isa = PBXFileReference; fileEncoding = 4; lastKnownFileType = sourcecode.c.h; path = GuiText.h; sourceTree = "<group>"; };
		EE2E789514ECFECD00CEFD73 /* GuiTextField.h */ = {isa = PBXFileReference; fileEncoding = 4; lastKnownFileType = sourcecode.c.h; path = GuiTextField.h; sourceTree = "<group>"; };
		EE2E789614ECFECD00CEFD73 /* GuiTitle.h */ = {isa = PBXFileReference; fileEncoding = 4; lastKnownFileType = sourcecode.c.h; path = GuiTitle.h; sourceTree = "<group>"; };
		EE2E789714ECFECD00CEFD73 /* GuiToggle.h */ = {isa = PBXFileReference; fileEncoding = 4; lastKnownFileType = sourcecode.c.h; path = GuiToggle.h; sourceTree = "<group>"; };
		EE2E789814ECFECD00CEFD73 /* GuiVU.h */ = {isa = PBXFileReference; fileEncoding = 4; lastKnownFileType = sourcecode.c.h; path = GuiVU.h; sourceTree = "<group>"; };
		EE2E789914ECFECD00CEFD73 /* GuiZoomSlider.h */ = {isa = PBXFileReference; fileEncoding = 4; lastKnownFileType = sourcecode.c.h; path = GuiZoomSlider.h; sourceTree = "<group>"; };
		EE2E789B14ECFECD00CEFD73 /* GuiImage.h */ = {isa = PBXFileReference; fileEncoding = 4; lastKnownFileType = sourcecode.c.h; path = GuiImage.h; sourceTree = "<group>"; };
		EE2E789C14ECFECD00CEFD73 /* GuiImageButton.h */ = {isa = PBXFileReference; fileEncoding = 4; lastKnownFileType = sourcecode.c.h; path = GuiImageButton.h; sourceTree = "<group>"; };
		EE2E789D14ECFECD00CEFD73 /* GuiImageToggle.h */ = {isa = PBXFileReference; fileEncoding = 4; lastKnownFileType = sourcecode.c.h; path = GuiImageToggle.h; sourceTree = "<group>"; };
		EE2E789F14ECFECD00CEFD73 /* GuiNiceButton.h */ = {isa = PBXFileReference; fileEncoding = 4; lastKnownFileType = sourcecode.c.h; path = GuiNiceButton.h; sourceTree = "<group>"; };
		EE2E78A114ECFECD00CEFD73 /* PdGui.h */ = {isa = PBXFileReference; fileEncoding = 4; lastKnownFileType = sourcecode.c.h; path = PdGui.h; sourceTree = "<group>"; };
		EE2E78A214ECFECD00CEFD73 /* ofxXmlGui.cpp */ = {isa = PBXFileReference; fileEncoding = 4; lastKnownFileType = sourcecode.cpp.cpp; path = ofxXmlGui.cpp; sourceTree = "<group>"; };
		EE2E78A314ECFECD00CEFD73 /* ofxXmlGui.h */ = {isa = PBXFileReference; fileEncoding = 4; lastKnownFileType = sourcecode.c.h; path = ofxXmlGui.h; sourceTree = "<group>"; };
		EE2E78A514ECFECD00CEFD73 /* ColorUtils.cpp */ = {isa = PBXFileReference; fileEncoding = 4; lastKnownFileType = sourcecode.cpp.cpp; path = ColorUtils.cpp; sourceTree = "<group>"; };
		EE2E78A614ECFECD00CEFD73 /* ColorUtils.h */ = {isa = PBXFileReference; fileEncoding = 4; lastKnownFileType = sourcecode.c.h; path = ColorUtils.h; sourceTree = "<group>"; };
		EE2E78A714ECFECD00CEFD73 /* GridSequence.h */ = {isa = PBXFileReference; fileEncoding = 4; lastKnownFileType = sourcecode.c.h; path = GridSequence.h; sourceTree = "<group>"; };
		EE2E78A814ECFECD00CEFD73 /* StringUtils.cpp */ = {isa = PBXFileReference; fileEncoding = 4; lastKnownFileType = sourcecode.cpp.cpp; path = StringUtils.cpp; sourceTree = "<group>"; };
		EE2E78A914ECFECD00CEFD73 /* StringUtils.h */ = {isa = PBXFileReference; fileEncoding = 4; lastKnownFileType = sourcecode.c.h; path = StringUtils.h; sourceTree = "<group>"; };
		EE2E78AB14ECFECD00CEFD73 /* install.xml */ = {isa = PBXFileReference; fileEncoding = 4; lastKnownFileType = text.xml; path = install.xml; sourceTree = "<group>"; };
		EE2E78AD14ECFECD00CEFD73 /* tinyxml.cpp */ = {isa = PBXFileReference; fileEncoding = 4; lastKnownFileType = sourcecode.cpp.cpp; path = tinyxml.cpp; sourceTree = "<group>"; };
		EE2E78AE14ECFECD00CEFD73 /* tinyxml.h */ = {isa = PBXFileReference; fileEncoding = 4; lastKnownFileType = sourcecode.c.h; path = tinyxml.h; sourceTree = "<group>"; };
		EE2E78AF14ECFECD00CEFD73 /* tinyxmlerror.cpp */ = {isa = PBXFileReference; fileEncoding = 4; lastKnownFileType = sourcecode.cpp.cpp; path = tinyxmlerror.cpp; sourceTree = "<group>"; };
		EE2E78B014ECFECD00CEFD73 /* tinyxmlparser.cpp */ = {isa = PBXFileReference; fileEncoding = 4; lastKnownFileType = sourcecode.cpp.cpp; path = tinyxmlparser.cpp; sourceTree = "<group>"; };
		EE2E78B214ECFECD00CEFD73 /* ofxXmlSettings.cpp */ = {isa = PBXFileReference; fileEncoding = 4; lastKnownFileType = sourcecode.cpp.cpp; path = ofxXmlSettings.cpp; sourceTree = "<group>"; };
		EE2E78B314ECFECD00CEFD73 /* ofxXmlSettings.h */ = {isa = PBXFileReference; fileEncoding = 4; lastKnownFileType = sourcecode.c.h; path = ofxXmlSettings.h; sourceTree = "<group>"; };
		EE2E78B614ECFECD00CEFD73 /* SmoothEdgeBlend.frag */ = {isa = PBXFileReference; fileEncoding = 4; lastKnownFileType = sourcecode.glsl; path = SmoothEdgeBlend.frag; sourceTree = "<group>"; };
		EE2E78B714ECFECD00CEFD73 /* SmoothEdgeBlend.vert */ = {isa = PBXFileReference; fileEncoding = 4; lastKnownFileType = sourcecode.glsl; path = SmoothEdgeBlend.vert; sourceTree = "<group>"; };
		EE2E78B914ECFECD00CEFD73 /* ofxProjectorBlend.cpp */ = {isa = PBXFileReference; fileEncoding = 4; lastKnownFileType = sourcecode.cpp.cpp; path = ofxProjectorBlend.cpp; sourceTree = "<group>"; };
		EE2E78BA14ECFECD00CEFD73 /* ofxProjectorBlend.h */ = {isa = PBXFileReference; fileEncoding = 4; lastKnownFileType = sourcecode.c.h; path = ofxProjectorBlend.h; sourceTree = "<group>"; };
/* End PBXFileReference section */

/* Begin PBXFrameworksBuildPhase section */
		E4B69B590A3A1756003C02F2 /* Frameworks */ = {
			isa = PBXFrameworksBuildPhase;
			buildActionMask = 2147483647;
			files = (
				E4EB6799138ADC1D00A09F29 /* GLUT.framework in Frameworks */,
				E4328149138ABC9F0047C5CB /* openFrameworksDebug.a in Frameworks */,
				E45BE97B0E8CC7DD009D7055 /* AGL.framework in Frameworks */,
				E45BE97C0E8CC7DD009D7055 /* ApplicationServices.framework in Frameworks */,
				E45BE97D0E8CC7DD009D7055 /* AudioToolbox.framework in Frameworks */,
				E45BE97E0E8CC7DD009D7055 /* Carbon.framework in Frameworks */,
				E45BE97F0E8CC7DD009D7055 /* CoreAudio.framework in Frameworks */,
				E45BE9800E8CC7DD009D7055 /* CoreFoundation.framework in Frameworks */,
				E45BE9810E8CC7DD009D7055 /* CoreServices.framework in Frameworks */,
				E45BE9830E8CC7DD009D7055 /* OpenGL.framework in Frameworks */,
				E45BE9840E8CC7DD009D7055 /* QuickTime.framework in Frameworks */,
				E4C2424710CC5A17004149E2 /* AppKit.framework in Frameworks */,
				E4C2424810CC5A17004149E2 /* Cocoa.framework in Frameworks */,
				E4C2424910CC5A17004149E2 /* IOKit.framework in Frameworks */,
				0BABEB251701B6F300573236 /* Syphon.framework in Frameworks */,
			);
			runOnlyForDeploymentPostprocessing = 0;
		};
/* End PBXFrameworksBuildPhase section */

/* Begin PBXGroup section */
		0BABEB111701B6F300573236 /* ofxSyphon */ = {
			isa = PBXGroup;
			children = (
				0BABEB121701B6F300573236 /* .gitignore */,
				0BABEB131701B6F300573236 /* libs */,
				0BABEB1B1701B6F300573236 /* README */,
				0BABEB1C1701B6F300573236 /* src */,
				0BABEB221701B6F300573236 /* testapps */,
			);
			name = ofxSyphon;
			path = ../../../addons/ofxSyphon;
			sourceTree = "<group>";
		};
		0BABEB131701B6F300573236 /* libs */ = {
			isa = PBXGroup;
			children = (
				0BABEB141701B6F300573236 /* Syphon */,
			);
			path = libs;
			sourceTree = "<group>";
		};
		0BABEB141701B6F300573236 /* Syphon */ = {
			isa = PBXGroup;
			children = (
				0BABEB151701B6F300573236 /* lib */,
				0BABEB181701B6F300573236 /* src */,
			);
			path = Syphon;
			sourceTree = "<group>";
		};
		0BABEB151701B6F300573236 /* lib */ = {
			isa = PBXGroup;
			children = (
				0BABEB161701B6F300573236 /* osx */,
			);
			path = lib;
			sourceTree = "<group>";
		};
		0BABEB161701B6F300573236 /* osx */ = {
			isa = PBXGroup;
			children = (
				0BABEB171701B6F300573236 /* Syphon.framework */,
			);
			path = osx;
			sourceTree = "<group>";
		};
		0BABEB181701B6F300573236 /* src */ = {
			isa = PBXGroup;
			children = (
				0BABEB191701B6F300573236 /* SyphonNameboundClient.h */,
				0BABEB1A1701B6F300573236 /* SyphonNameboundClient.m */,
			);
			path = src;
			sourceTree = "<group>";
		};
		0BABEB1C1701B6F300573236 /* src */ = {
			isa = PBXGroup;
			children = (
				0BABEB1D1701B6F300573236 /* ofxSyphon.h */,
				0BABEB1E1701B6F300573236 /* ofxSyphonClient.h */,
				0BABEB1F1701B6F300573236 /* ofxSyphonClient.mm */,
				0BABEB201701B6F300573236 /* ofxSyphonServer.h */,
				0BABEB211701B6F300573236 /* ofxSyphonServer.mm */,
			);
			path = src;
			sourceTree = "<group>";
		};
		0BABEB221701B6F300573236 /* testapps */ = {
			isa = PBXGroup;
			children = (
				0BABEB231701B6F300573236 /* Simple Client.app */,
				0BABEB241701B6F300573236 /* Simple Server.app */,
			);
			path = testapps;
			sourceTree = "<group>";
		};
		BB4B014C10F69532006C3DED /* addons */ = {
			isa = PBXGroup;
			children = (
				0BABEB111701B6F300573236 /* ofxSyphon */,
				EE2E785B14ECFECC00CEFD73 /* ofxNetwork */,
				EE2E786A14ECFECC00CEFD73 /* ofxThread */,
				EE2E786D14ECFECC00CEFD73 /* ofxXmlGui */,
				EE2E78AA14ECFECD00CEFD73 /* ofxXmlSettings */,
				EE2E78B414ECFECD00CEFD73 /* rayProjectorBlend */,
			);
			name = addons;
			sourceTree = "<group>";
		};
		BBAB23C913894ECA00AA2426 /* system frameworks */ = {
			isa = PBXGroup;
			children = (
				E4C2424410CC5A17004149E2 /* AppKit.framework */,
				E4C2424510CC5A17004149E2 /* Cocoa.framework */,
				E4C2424610CC5A17004149E2 /* IOKit.framework */,
				E45BE9710E8CC7DD009D7055 /* AGL.framework */,
				E45BE9720E8CC7DD009D7055 /* ApplicationServices.framework */,
				E45BE9730E8CC7DD009D7055 /* AudioToolbox.framework */,
				E45BE9740E8CC7DD009D7055 /* Carbon.framework */,
				E45BE9750E8CC7DD009D7055 /* CoreAudio.framework */,
				E45BE9760E8CC7DD009D7055 /* CoreFoundation.framework */,
				E45BE9770E8CC7DD009D7055 /* CoreServices.framework */,
				E45BE9790E8CC7DD009D7055 /* OpenGL.framework */,
				E45BE97A0E8CC7DD009D7055 /* QuickTime.framework */,
			);
			name = "system frameworks";
			sourceTree = "<group>";
		};
		BBAB23CA13894EDB00AA2426 /* 3rd party frameworks */ = {
			isa = PBXGroup;
			children = (
				BBAB23BE13894E4700AA2426 /* GLUT.framework */,
			);
			name = "3rd party frameworks";
			sourceTree = "<group>";
		};
		E4328144138ABC890047C5CB /* Products */ = {
			isa = PBXGroup;
			children = (
				E4328148138ABC890047C5CB /* openFrameworksDebug.a */,
			);
			name = Products;
			sourceTree = "<group>";
		};
		E45BE5980E8CC70C009D7055 /* frameworks */ = {
			isa = PBXGroup;
			children = (
				BBAB23CA13894EDB00AA2426 /* 3rd party frameworks */,
				BBAB23C913894ECA00AA2426 /* system frameworks */,
			);
			name = frameworks;
			sourceTree = "<group>";
		};
		E4B69B4A0A3A1720003C02F2 = {
			isa = PBXGroup;
			children = (
				0BABEB341701C0F100573236 /* Syphon.framework */,
				E4B6FCAD0C3E899E008CF71C /* openFrameworks-Info.plist */,
				E4EB6923138AFD0F00A09F29 /* Project.xcconfig */,
				E4B69E1C0A3A1BDC003C02F2 /* src */,
				E4EEC9E9138DF44700A80321 /* openFrameworks */,
				BB4B014C10F69532006C3DED /* addons */,
				E45BE5980E8CC70C009D7055 /* frameworks */,
				E4B69B5B0A3A1756003C02F2 /* emptyExampleDebug.app */,
			);
			sourceTree = "<group>";
		};
		E4B69E1C0A3A1BDC003C02F2 /* src */ = {
			isa = PBXGroup;
			children = (
				E4B69E1D0A3A1BDC003C02F2 /* main.cpp */,
				E4B69E1E0A3A1BDC003C02F2 /* testApp.cpp */,
				E4B69E1F0A3A1BDC003C02F2 /* testApp.h */,
			);
			path = src;
			sourceTree = SOURCE_ROOT;
		};
		E4EEC9E9138DF44700A80321 /* openFrameworks */ = {
			isa = PBXGroup;
			children = (
				E4EB691F138AFCF100A09F29 /* CoreOF.xcconfig */,
				E4328143138ABC890047C5CB /* openFrameworksLib.xcodeproj */,
			);
			name = openFrameworks;
			sourceTree = "<group>";
		};
		EE2E785B14ECFECC00CEFD73 /* ofxNetwork */ = {
			isa = PBXGroup;
			children = (
				EE2E785C14ECFECC00CEFD73 /* docs */,
				EE2E785E14ECFECC00CEFD73 /* install.xml */,
				EE2E785F14ECFECC00CEFD73 /* src */,
			);
			name = ofxNetwork;
			path = ../../../addons/ofxNetwork;
			sourceTree = "<group>";
		};
		EE2E785C14ECFECC00CEFD73 /* docs */ = {
			isa = PBXGroup;
			children = (
				EE2E785D14ECFECC00CEFD73 /* Instructions.txt */,
			);
			path = docs;
			sourceTree = "<group>";
		};
		EE2E785F14ECFECC00CEFD73 /* src */ = {
			isa = PBXGroup;
			children = (
				EE2E786014ECFECC00CEFD73 /* ofxNetwork.h */,
				EE2E786114ECFECC00CEFD73 /* ofxNetworkUtils.h */,
				EE2E786214ECFECC00CEFD73 /* ofxTCPClient.cpp */,
				EE2E786314ECFECC00CEFD73 /* ofxTCPClient.h */,
				EE2E786414ECFECC00CEFD73 /* ofxTCPManager.cpp */,
				EE2E786514ECFECC00CEFD73 /* ofxTCPManager.h */,
				EE2E786614ECFECC00CEFD73 /* ofxTCPServer.cpp */,
				EE2E786714ECFECC00CEFD73 /* ofxTCPServer.h */,
				EE2E786814ECFECC00CEFD73 /* ofxUDPManager.cpp */,
				EE2E786914ECFECC00CEFD73 /* ofxUDPManager.h */,
			);
			path = src;
			sourceTree = "<group>";
		};
		EE2E786A14ECFECC00CEFD73 /* ofxThread */ = {
			isa = PBXGroup;
			children = (
				EE2E786B14ECFECC00CEFD73 /* src */,
			);
			name = ofxThread;
			path = ../../../addons/ofxThread;
			sourceTree = "<group>";
		};
		EE2E786B14ECFECC00CEFD73 /* src */ = {
			isa = PBXGroup;
			children = (
				EE2E786C14ECFECC00CEFD73 /* ofxThread.h */,
			);
			path = src;
			sourceTree = "<group>";
		};
		EE2E786D14ECFECC00CEFD73 /* ofxXmlGui */ = {
			isa = PBXGroup;
			children = (
				EE2E786E14ECFECC00CEFD73 /* src */,
			);
			name = ofxXmlGui;
			path = ../../../addons/ofxXmlGui;
			sourceTree = "<group>";
		};
		EE2E786E14ECFECC00CEFD73 /* src */ = {
			isa = PBXGroup;
			children = (
				EE2E786F14ECFECC00CEFD73 /* base */,
				EE2E787914ECFECC00CEFD73 /* builder */,
				EE2E787E14ECFECC00CEFD73 /* container */,
				EE2E788114ECFECC00CEFD73 /* controls */,
				EE2E78A014ECFECD00CEFD73 /* ext */,
				EE2E78A214ECFECD00CEFD73 /* ofxXmlGui.cpp */,
				EE2E78A314ECFECD00CEFD73 /* ofxXmlGui.h */,
				EE2E78A414ECFECD00CEFD73 /* util */,
			);
			path = src;
			sourceTree = "<group>";
		};
		EE2E786F14ECFECC00CEFD73 /* base */ = {
			isa = PBXGroup;
			children = (
				EE2E787014ECFECC00CEFD73 /* GuiContainer.cpp */,
				EE2E787114ECFECC00CEFD73 /* GuiContainer.h */,
				EE2E787214ECFECC00CEFD73 /* GuiControl.cpp */,
				EE2E787314ECFECC00CEFD73 /* GuiControl.h */,
				EE2E787414ECFECC00CEFD73 /* GuiListener.h */,
				EE2E787514ECFECC00CEFD73 /* GuiResources.cpp */,
				EE2E787614ECFECC00CEFD73 /* GuiResources.h */,
				EE2E787714ECFECC00CEFD73 /* GuiTypes.cpp */,
				EE2E787814ECFECC00CEFD73 /* ParameterInfo.h */,
			);
			path = base;
			sourceTree = "<group>";
		};
		EE2E787914ECFECC00CEFD73 /* builder */ = {
			isa = PBXGroup;
			children = (
				EE2E787A14ECFECC00CEFD73 /* GuiBuilderHierarchy.h */,
				EE2E787B14ECFECC00CEFD73 /* GuiBuilderInspector.h */,
				EE2E787C14ECFECC00CEFD73 /* GuiBuilderMenu.cpp */,
				EE2E787D14ECFECC00CEFD73 /* GuiBuilderMenu.h */,
			);
			path = builder;
			sourceTree = "<group>";
		};
		EE2E787E14ECFECC00CEFD73 /* container */ = {
			isa = PBXGroup;
			children = (
				EE2E787F14ECFECC00CEFD73 /* GuiMenu.cpp */,
				EE2E788014ECFECC00CEFD73 /* GuiMenu.h */,
			);
			path = container;
			sourceTree = "<group>";
		};
		EE2E788114ECFECC00CEFD73 /* controls */ = {
			isa = PBXGroup;
			children = (
				EE2E788214ECFECC00CEFD73 /* basic */,
				EE2E789A14ECFECD00CEFD73 /* image */,
				EE2E789E14ECFECD00CEFD73 /* nice */,
			);
			path = controls;
			sourceTree = "<group>";
		};
		EE2E788214ECFECC00CEFD73 /* basic */ = {
			isa = PBXGroup;
			children = (
				EE2E788314ECFECD00CEFD73 /* GuiButton.h */,
				EE2E788414ECFECD00CEFD73 /* GuiColorPicker.h */,
				EE2E788514ECFECD00CEFD73 /* GuiContour.h */,
				EE2E788614ECFECD00CEFD73 /* GuiDoubleField.h */,
				EE2E788714ECFECD00CEFD73 /* GuiDrawable.h */,
				EE2E788814ECFECD00CEFD73 /* GuiFloatField.h */,
				EE2E788914ECFECD00CEFD73 /* GuiFPSCounter.h */,
				EE2E788A14ECFECD00CEFD73 /* GuiGrid.h */,
				EE2E788B14ECFECD00CEFD73 /* GuiIntField.h */,
				EE2E788C14ECFECD00CEFD73 /* GuiKeyboard.h */,
				EE2E788D14ECFECD00CEFD73 /* GuiKnob.h */,
				EE2E788E14ECFECD00CEFD73 /* GuiList.h */,
				EE2E788F14ECFECD00CEFD73 /* GuiMeter.h */,
				EE2E789014ECFECD00CEFD73 /* GuiPanner.h */,
				EE2E789114ECFECD00CEFD73 /* GuiSegmentedControl.h */,
				EE2E789214ECFECD00CEFD73 /* GuiSlider.h */,
				EE2E789314ECFECD00CEFD73 /* GuiSlider2D.h */,
				EE2E789414ECFECD00CEFD73 /* GuiText.h */,
				EE2E789514ECFECD00CEFD73 /* GuiTextField.h */,
				EE2E789614ECFECD00CEFD73 /* GuiTitle.h */,
				EE2E789714ECFECD00CEFD73 /* GuiToggle.h */,
				EE2E789814ECFECD00CEFD73 /* GuiVU.h */,
				EE2E789914ECFECD00CEFD73 /* GuiZoomSlider.h */,
			);
			path = basic;
			sourceTree = "<group>";
		};
		EE2E789A14ECFECD00CEFD73 /* image */ = {
			isa = PBXGroup;
			children = (
				EE2E789B14ECFECD00CEFD73 /* GuiImage.h */,
				EE2E789C14ECFECD00CEFD73 /* GuiImageButton.h */,
				EE2E789D14ECFECD00CEFD73 /* GuiImageToggle.h */,
			);
			path = image;
			sourceTree = "<group>";
		};
		EE2E789E14ECFECD00CEFD73 /* nice */ = {
			isa = PBXGroup;
			children = (
				EE2E789F14ECFECD00CEFD73 /* GuiNiceButton.h */,
			);
			path = nice;
			sourceTree = "<group>";
		};
		EE2E78A014ECFECD00CEFD73 /* ext */ = {
			isa = PBXGroup;
			children = (
				EE2E78A114ECFECD00CEFD73 /* PdGui.h */,
			);
			path = ext;
			sourceTree = "<group>";
		};
		EE2E78A414ECFECD00CEFD73 /* util */ = {
			isa = PBXGroup;
			children = (
				EE2E78A514ECFECD00CEFD73 /* ColorUtils.cpp */,
				EE2E78A614ECFECD00CEFD73 /* ColorUtils.h */,
				EE2E78A714ECFECD00CEFD73 /* GridSequence.h */,
				EE2E78A814ECFECD00CEFD73 /* StringUtils.cpp */,
				EE2E78A914ECFECD00CEFD73 /* StringUtils.h */,
			);
			path = util;
			sourceTree = "<group>";
		};
		EE2E78AA14ECFECD00CEFD73 /* ofxXmlSettings */ = {
			isa = PBXGroup;
			children = (
				EE2E78AB14ECFECD00CEFD73 /* install.xml */,
				EE2E78AC14ECFECD00CEFD73 /* libs */,
				EE2E78B114ECFECD00CEFD73 /* src */,
			);
			name = ofxXmlSettings;
			path = ../../../addons/ofxXmlSettings;
			sourceTree = "<group>";
		};
		EE2E78AC14ECFECD00CEFD73 /* libs */ = {
			isa = PBXGroup;
			children = (
				EE2E78AD14ECFECD00CEFD73 /* tinyxml.cpp */,
				EE2E78AE14ECFECD00CEFD73 /* tinyxml.h */,
				EE2E78AF14ECFECD00CEFD73 /* tinyxmlerror.cpp */,
				EE2E78B014ECFECD00CEFD73 /* tinyxmlparser.cpp */,
			);
			path = libs;
			sourceTree = "<group>";
		};
		EE2E78B114ECFECD00CEFD73 /* src */ = {
			isa = PBXGroup;
			children = (
				EE2E78B214ECFECD00CEFD73 /* ofxXmlSettings.cpp */,
				EE2E78B314ECFECD00CEFD73 /* ofxXmlSettings.h */,
			);
			path = src;
			sourceTree = "<group>";
		};
		EE2E78B414ECFECD00CEFD73 /* rayProjectorBlend */ = {
			isa = PBXGroup;
			children = (
				EE2E78B514ECFECD00CEFD73 /* assets */,
				EE2E78B814ECFECD00CEFD73 /* src */,
			);
			name = rayProjectorBlend;
			path = ../../../addons/rayProjectorBlend;
			sourceTree = "<group>";
		};
		EE2E78B514ECFECD00CEFD73 /* assets */ = {
			isa = PBXGroup;
			children = (
				EE2E78B614ECFECD00CEFD73 /* SmoothEdgeBlend.frag */,
				EE2E78B714ECFECD00CEFD73 /* SmoothEdgeBlend.vert */,
			);
			path = assets;
			sourceTree = "<group>";
		};
		EE2E78B814ECFECD00CEFD73 /* src */ = {
			isa = PBXGroup;
			children = (
				EE2E78B914ECFECD00CEFD73 /* ofxProjectorBlend.cpp */,
				EE2E78BA14ECFECD00CEFD73 /* ofxProjectorBlend.h */,
			);
			path = src;
			sourceTree = "<group>";
		};
/* End PBXGroup section */

/* Begin PBXNativeTarget section */
		E4B69B5A0A3A1756003C02F2 /* emptyExample */ = {
			isa = PBXNativeTarget;
			buildConfigurationList = E4B69B5F0A3A1757003C02F2 /* Build configuration list for PBXNativeTarget "emptyExample" */;
			buildPhases = (
				E4B69B580A3A1756003C02F2 /* Sources */,
				E4B69B590A3A1756003C02F2 /* Frameworks */,
				E4B6FFFD0C3F9AB9008CF71C /* ShellScript */,
				E4C2427710CC5ABF004149E2 /* CopyFiles */,
			);
			buildRules = (
			);
			dependencies = (
				E4EEB9AC138B136A00A80321 /* PBXTargetDependency */,
			);
			name = emptyExample;
			productName = myOFApp;
			productReference = E4B69B5B0A3A1756003C02F2 /* emptyExampleDebug.app */;
			productType = "com.apple.product-type.application";
		};
/* End PBXNativeTarget section */

/* Begin PBXProject section */
		E4B69B4C0A3A1720003C02F2 /* Project object */ = {
			isa = PBXProject;
			buildConfigurationList = E4B69B4D0A3A1720003C02F2 /* Build configuration list for PBXProject "emptyExample" */;
			compatibilityVersion = "Xcode 2.4";
			developmentRegion = English;
			hasScannedForEncodings = 0;
			knownRegions = (
				English,
				Japanese,
				French,
				German,
			);
			mainGroup = E4B69B4A0A3A1720003C02F2;
			productRefGroup = E4B69B4A0A3A1720003C02F2;
			projectDirPath = "";
			projectReferences = (
				{
					ProductGroup = E4328144138ABC890047C5CB /* Products */;
					ProjectRef = E4328143138ABC890047C5CB /* openFrameworksLib.xcodeproj */;
				},
			);
			projectRoot = "";
			targets = (
				E4B69B5A0A3A1756003C02F2 /* emptyExample */,
			);
		};
/* End PBXProject section */

/* Begin PBXReferenceProxy section */
		E4328148138ABC890047C5CB /* openFrameworksDebug.a */ = {
			isa = PBXReferenceProxy;
			fileType = archive.ar;
			path = openFrameworksDebug.a;
			remoteRef = E4328147138ABC890047C5CB /* PBXContainerItemProxy */;
			sourceTree = BUILT_PRODUCTS_DIR;
		};
/* End PBXReferenceProxy section */

/* Begin PBXShellScriptBuildPhase section */
		E4B6FFFD0C3F9AB9008CF71C /* ShellScript */ = {
			isa = PBXShellScriptBuildPhase;
			buildActionMask = 2147483647;
			files = (
			);
			inputPaths = (
			);
			outputPaths = (
			);
			runOnlyForDeploymentPostprocessing = 0;
			shellPath = /bin/sh;
			shellScript = "cp -f ../../../libs/fmodex/lib/osx/libfmodex.dylib \"$TARGET_BUILD_DIR/$PRODUCT_NAME.app/Contents/MacOS/libfmodex.dylib\"; install_name_tool -change ./libfmodex.dylib @executable_path/libfmodex.dylib \"$TARGET_BUILD_DIR/$PRODUCT_NAME.app/Contents/MacOS/$PRODUCT_NAME\";";
		};
/* End PBXShellScriptBuildPhase section */

/* Begin PBXSourcesBuildPhase section */
		E4B69B580A3A1756003C02F2 /* Sources */ = {
			isa = PBXSourcesBuildPhase;
			buildActionMask = 2147483647;
			files = (
				E4B69E200A3A1BDC003C02F2 /* main.cpp in Sources */,
				E4B69E210A3A1BDC003C02F2 /* testApp.cpp in Sources */,
				EE2E78BB14ECFECD00CEFD73 /* ofxTCPClient.cpp in Sources */,
				EE2E78BC14ECFECD00CEFD73 /* ofxTCPManager.cpp in Sources */,
				EE2E78BD14ECFECD00CEFD73 /* ofxTCPServer.cpp in Sources */,
				EE2E78BE14ECFECD00CEFD73 /* ofxUDPManager.cpp in Sources */,
				EE2E78BF14ECFECD00CEFD73 /* GuiContainer.cpp in Sources */,
				EE2E78C014ECFECD00CEFD73 /* GuiControl.cpp in Sources */,
				EE2E78C114ECFECD00CEFD73 /* GuiResources.cpp in Sources */,
				EE2E78C214ECFECD00CEFD73 /* GuiTypes.cpp in Sources */,
				EE2E78C314ECFECD00CEFD73 /* GuiBuilderMenu.cpp in Sources */,
				EE2E78C414ECFECD00CEFD73 /* GuiMenu.cpp in Sources */,
				EE2E78C514ECFECD00CEFD73 /* ofxXmlGui.cpp in Sources */,
				EE2E78C614ECFECD00CEFD73 /* ColorUtils.cpp in Sources */,
				EE2E78C714ECFECD00CEFD73 /* StringUtils.cpp in Sources */,
				EE2E78C814ECFECD00CEFD73 /* tinyxml.cpp in Sources */,
				EE2E78C914ECFECD00CEFD73 /* tinyxmlerror.cpp in Sources */,
				EE2E78CA14ECFECD00CEFD73 /* tinyxmlparser.cpp in Sources */,
				EE2E78CB14ECFECD00CEFD73 /* ofxXmlSettings.cpp in Sources */,
				EE2E78CC14ECFECD00CEFD73 /* SmoothEdgeBlend.frag in Sources */,
				EE2E78CD14ECFECD00CEFD73 /* SmoothEdgeBlend.vert in Sources */,
				EE2E78CE14ECFECD00CEFD73 /* ofxProjectorBlend.cpp in Sources */,
				0BABEB261701B6F400573236 /* SyphonNameboundClient.m in Sources */,
				0BABEB271701B6F400573236 /* ofxSyphonClient.mm in Sources */,
				0BABEB281701B6F400573236 /* ofxSyphonServer.mm in Sources */,
			);
			runOnlyForDeploymentPostprocessing = 0;
		};
/* End PBXSourcesBuildPhase section */

/* Begin PBXTargetDependency section */
		E4EEB9AC138B136A00A80321 /* PBXTargetDependency */ = {
			isa = PBXTargetDependency;
			name = openFrameworks;
			targetProxy = E4EEB9AB138B136A00A80321 /* PBXContainerItemProxy */;
		};
/* End PBXTargetDependency section */

/* Begin XCBuildConfiguration section */
		E4B69B4E0A3A1720003C02F2 /* Debug */ = {
			isa = XCBuildConfiguration;
			baseConfigurationReference = E4EB6923138AFD0F00A09F29 /* Project.xcconfig */;
			buildSettings = {
				ARCHS = "$(NATIVE_ARCH)";
				CONFIGURATION_BUILD_DIR = "$(SRCROOT)/bin/";
				COPY_PHASE_STRIP = NO;
				DEAD_CODE_STRIPPING = YES;
				GCC_AUTO_VECTORIZATION = YES;
				GCC_ENABLE_SSE3_EXTENSIONS = YES;
				GCC_ENABLE_SUPPLEMENTAL_SSE3_INSTRUCTIONS = YES;
				GCC_INLINES_ARE_PRIVATE_EXTERN = NO;
				GCC_MODEL_TUNING = G5;
				GCC_SYMBOLS_PRIVATE_EXTERN = NO;
				GCC_WARN_ABOUT_DEPRECATED_FUNCTIONS = NO;
				GCC_WARN_ABOUT_INVALID_OFFSETOF_MACRO = NO;
				GCC_WARN_ALLOW_INCOMPLETE_PROTOCOL = NO;
				GCC_WARN_UNINITIALIZED_AUTOS = NO;
				GCC_WARN_UNUSED_VALUE = NO;
				GCC_WARN_UNUSED_VARIABLE = NO;
				OTHER_CPLUSPLUSFLAGS = (
					"-D__MACOSX_CORE__",
					"-lpthread",
				);
			};
			name = Debug;
		};
		E4B69B4F0A3A1720003C02F2 /* Release */ = {
			isa = XCBuildConfiguration;
			baseConfigurationReference = E4EB6923138AFD0F00A09F29 /* Project.xcconfig */;
			buildSettings = {
				ARCHS = "$(NATIVE_ARCH)";
				CONFIGURATION_BUILD_DIR = "$(SRCROOT)/bin/";
				COPY_PHASE_STRIP = YES;
				DEAD_CODE_STRIPPING = YES;
				GCC_AUTO_VECTORIZATION = YES;
				GCC_ENABLE_SSE3_EXTENSIONS = YES;
				GCC_ENABLE_SUPPLEMENTAL_SSE3_INSTRUCTIONS = YES;
				GCC_INLINES_ARE_PRIVATE_EXTERN = NO;
				GCC_MODEL_TUNING = G5;
				GCC_OPTIMIZATION_LEVEL = 3;
				GCC_SYMBOLS_PRIVATE_EXTERN = NO;
				GCC_UNROLL_LOOPS = YES;
				GCC_WARN_ABOUT_DEPRECATED_FUNCTIONS = NO;
				GCC_WARN_ABOUT_INVALID_OFFSETOF_MACRO = NO;
				GCC_WARN_ALLOW_INCOMPLETE_PROTOCOL = NO;
				GCC_WARN_UNINITIALIZED_AUTOS = NO;
				GCC_WARN_UNUSED_VALUE = NO;
				GCC_WARN_UNUSED_VARIABLE = NO;
				OTHER_CPLUSPLUSFLAGS = (
					"-D__MACOSX_CORE__",
					"-lpthread",
				);
			};
			name = Release;
		};
		E4B69B600A3A1757003C02F2 /* Debug */ = {
			isa = XCBuildConfiguration;
			buildSettings = {
				COPY_PHASE_STRIP = NO;
				FRAMEWORK_SEARCH_PATHS = (
					"$(inherited)",
					"$(FRAMEWORK_SEARCH_PATHS_QUOTED_FOR_TARGET_1)",
					"$(FRAMEWORK_SEARCH_PATHS_QUOTED_FOR_TARGET_2)",
				);
				FRAMEWORK_SEARCH_PATHS_QUOTED_FOR_TARGET_1 = "\"$(SRCROOT)/../../../libs/glut/lib/osx\"";
				FRAMEWORK_SEARCH_PATHS_QUOTED_FOR_TARGET_2 = "\"$(SRCROOT)/../../../addons/ofxSyphon/libs/Syphon/lib/osx\"";
				GCC_DYNAMIC_NO_PIC = NO;
				GCC_ENABLE_FIX_AND_CONTINUE = YES;
				GCC_GENERATE_DEBUGGING_SYMBOLS = YES;
				GCC_MODEL_TUNING = G4;
				GCC_PRECOMPILE_PREFIX_HEADER = YES;
				GCC_PREFIX_HEADER = "$(SYSTEM_LIBRARY_DIR)/Frameworks/Carbon.framework/Headers/Carbon.h";
				INFOPLIST_FILE = "openFrameworks-Info.plist";
				INSTALL_PATH = "$(HOME)/Applications";
				LIBRARY_SEARCH_PATHS = (
					"$(inherited)",
					"$(LIBRARY_SEARCH_PATHS_QUOTED_FOR_TARGET_1)",
					"$(LIBRARY_SEARCH_PATHS_QUOTED_FOR_TARGET_2)",
					"$(LIBRARY_SEARCH_PATHS_QUOTED_FOR_TARGET_3)",
					"$(LIBRARY_SEARCH_PATHS_QUOTED_FOR_TARGET_4)",
					"$(LIBRARY_SEARCH_PATHS_QUOTED_FOR_TARGET_5)",
					"$(LIBRARY_SEARCH_PATHS_QUOTED_FOR_TARGET_6)",
					"$(LIBRARY_SEARCH_PATHS_QUOTED_FOR_TARGET_7)",
					"$(LIBRARY_SEARCH_PATHS_QUOTED_FOR_TARGET_8)",
					"$(LIBRARY_SEARCH_PATHS_QUOTED_FOR_TARGET_9)",
					"$(LIBRARY_SEARCH_PATHS_QUOTED_FOR_TARGET_10)",
					"$(LIBRARY_SEARCH_PATHS_QUOTED_FOR_TARGET_11)",
					"$(LIBRARY_SEARCH_PATHS_QUOTED_FOR_TARGET_12)",
					"$(LIBRARY_SEARCH_PATHS_QUOTED_FOR_TARGET_13)",
					"$(LIBRARY_SEARCH_PATHS_QUOTED_FOR_TARGET_14)",
					"$(LIBRARY_SEARCH_PATHS_QUOTED_FOR_TARGET_15)",
					"$(LIBRARY_SEARCH_PATHS_QUOTED_FOR_TARGET_2)",
					"$(LIBRARY_SEARCH_PATHS_QUOTED_FOR_TARGET_3)",
					"$(LIBRARY_SEARCH_PATHS_QUOTED_FOR_TARGET_7)",
					"$(LIBRARY_SEARCH_PATHS_QUOTED_FOR_TARGET_8)",
					"$(LIBRARY_SEARCH_PATHS_QUOTED_FOR_TARGET_9)",
					"$(LIBRARY_SEARCH_PATHS_QUOTED_FOR_TARGET_10)",
					"$(LIBRARY_SEARCH_PATHS_QUOTED_FOR_TARGET_11)",
					"$(LIBRARY_SEARCH_PATHS_QUOTED_FOR_TARGET_12)",
					"$(LIBRARY_SEARCH_PATHS_QUOTED_FOR_TARGET_13)",
					"$(LIBRARY_SEARCH_PATHS_QUOTED_FOR_TARGET_16)",
					"$(LIBRARY_SEARCH_PATHS_QUOTED_FOR_TARGET_17)",
					"$(LIBRARY_SEARCH_PATHS_QUOTED_FOR_TARGET_18)",
					"$(LIBRARY_SEARCH_PATHS_QUOTED_FOR_TARGET_19)",
					"$(LIBRARY_SEARCH_PATHS_QUOTED_FOR_TARGET_20)",
					"$(LIBRARY_SEARCH_PATHS_QUOTED_FOR_TARGET_21)",
					"$(LIBRARY_SEARCH_PATHS_QUOTED_FOR_TARGET_22)",
					"$(LIBRARY_SEARCH_PATHS_QUOTED_FOR_TARGET_23)",
					"$(LIBRARY_SEARCH_PATHS_QUOTED_FOR_TARGET_24)",
					"$(LIBRARY_SEARCH_PATHS_QUOTED_FOR_TARGET_25)",
					"$(LIBRARY_SEARCH_PATHS_QUOTED_FOR_TARGET_26)",
					"$(LIBRARY_SEARCH_PATHS_QUOTED_FOR_TARGET_27)",
					"$(LIBRARY_SEARCH_PATHS_QUOTED_FOR_TARGET_28)",
					"$(LIBRARY_SEARCH_PATHS_QUOTED_FOR_TARGET_29)",
					"$(LIBRARY_SEARCH_PATHS_QUOTED_FOR_TARGET_30)",
					"$(LIBRARY_SEARCH_PATHS_QUOTED_FOR_TARGET_31)",
					"$(LIBRARY_SEARCH_PATHS_QUOTED_FOR_TARGET_32)",
					"$(LIBRARY_SEARCH_PATHS_QUOTED_FOR_TARGET_33)",
					"$(LIBRARY_SEARCH_PATHS_QUOTED_FOR_TARGET_34)",
					"$(LIBRARY_SEARCH_PATHS_QUOTED_FOR_TARGET_35)",
					"$(LIBRARY_SEARCH_PATHS_QUOTED_FOR_TARGET_36)",
					"$(LIBRARY_SEARCH_PATHS_QUOTED_FOR_TARGET_37)",
					"$(LIBRARY_SEARCH_PATHS_QUOTED_FOR_TARGET_38)",
					"$(LIBRARY_SEARCH_PATHS_QUOTED_FOR_TARGET_39)",
					"$(LIBRARY_SEARCH_PATHS_QUOTED_FOR_TARGET_40)",
					"$(LIBRARY_SEARCH_PATHS_QUOTED_FOR_TARGET_41)",
					"$(LIBRARY_SEARCH_PATHS_QUOTED_FOR_TARGET_42)",
					"$(LIBRARY_SEARCH_PATHS_QUOTED_FOR_TARGET_43)",
					"$(LIBRARY_SEARCH_PATHS_QUOTED_FOR_TARGET_44)",
					"$(LIBRARY_SEARCH_PATHS_QUOTED_FOR_TARGET_45)",
					"$(LIBRARY_SEARCH_PATHS_QUOTED_FOR_TARGET_46)",
					"$(LIBRARY_SEARCH_PATHS_QUOTED_FOR_TARGET_47)",
					"$(LIBRARY_SEARCH_PATHS_QUOTED_FOR_TARGET_48)",
					"$(LIBRARY_SEARCH_PATHS_QUOTED_FOR_TARGET_49)",
					"$(LIBRARY_SEARCH_PATHS_QUOTED_FOR_TARGET_50)",
					"$(LIBRARY_SEARCH_PATHS_QUOTED_FOR_TARGET_51)",
					"$(LIBRARY_SEARCH_PATHS_QUOTED_FOR_TARGET_52)",
				);
				PREBINDING = NO;
				PRODUCT_NAME = "$(TARGET_NAME)Debug";
				WRAPPER_EXTENSION = app;
			};
			name = Debug;
		};
		E4B69B610A3A1757003C02F2 /* Release */ = {
			isa = XCBuildConfiguration;
			buildSettings = {
				COPY_PHASE_STRIP = YES;
				FRAMEWORK_SEARCH_PATHS = (
					"$(inherited)",
					"$(FRAMEWORK_SEARCH_PATHS_QUOTED_FOR_TARGET_1)",
					"$(FRAMEWORK_SEARCH_PATHS_QUOTED_FOR_TARGET_2)",
				);
				FRAMEWORK_SEARCH_PATHS_QUOTED_FOR_TARGET_1 = "\"$(SRCROOT)/../../../libs/glut/lib/osx\"";
				FRAMEWORK_SEARCH_PATHS_QUOTED_FOR_TARGET_2 = "\"$(SRCROOT)/../../../addons/ofxSyphon/libs/Syphon/lib/osx\"";
				GCC_ENABLE_FIX_AND_CONTINUE = NO;
				GCC_GENERATE_DEBUGGING_SYMBOLS = NO;
				GCC_MODEL_TUNING = G4;
				GCC_PRECOMPILE_PREFIX_HEADER = YES;
				GCC_PREFIX_HEADER = "$(SYSTEM_LIBRARY_DIR)/Frameworks/Carbon.framework/Headers/Carbon.h";
				INFOPLIST_FILE = "openFrameworks-Info.plist";
				INSTALL_PATH = "$(HOME)/Applications";
				LIBRARY_SEARCH_PATHS = (
					"$(inherited)",
					"$(LIBRARY_SEARCH_PATHS_QUOTED_FOR_TARGET_1)",
					"$(LIBRARY_SEARCH_PATHS_QUOTED_FOR_TARGET_2)",
					"$(LIBRARY_SEARCH_PATHS_QUOTED_FOR_TARGET_3)",
					"$(LIBRARY_SEARCH_PATHS_QUOTED_FOR_TARGET_4)",
					"$(LIBRARY_SEARCH_PATHS_QUOTED_FOR_TARGET_5)",
					"$(LIBRARY_SEARCH_PATHS_QUOTED_FOR_TARGET_6)",
					"$(LIBRARY_SEARCH_PATHS_QUOTED_FOR_TARGET_7)",
					"$(LIBRARY_SEARCH_PATHS_QUOTED_FOR_TARGET_8)",
					"$(LIBRARY_SEARCH_PATHS_QUOTED_FOR_TARGET_9)",
					"$(LIBRARY_SEARCH_PATHS_QUOTED_FOR_TARGET_10)",
					"$(LIBRARY_SEARCH_PATHS_QUOTED_FOR_TARGET_11)",
					"$(LIBRARY_SEARCH_PATHS_QUOTED_FOR_TARGET_12)",
					"$(LIBRARY_SEARCH_PATHS_QUOTED_FOR_TARGET_13)",
					"$(LIBRARY_SEARCH_PATHS_QUOTED_FOR_TARGET_14)",
					"$(LIBRARY_SEARCH_PATHS_QUOTED_FOR_TARGET_15)",
					"$(LIBRARY_SEARCH_PATHS_QUOTED_FOR_TARGET_2)",
					"$(LIBRARY_SEARCH_PATHS_QUOTED_1)",
					"$(LIBRARY_SEARCH_PATHS_QUOTED_FOR_TARGET_3)",
					"$(LIBRARY_SEARCH_PATHS_QUOTED_FOR_TARGET_7)",
					"$(LIBRARY_SEARCH_PATHS_QUOTED_FOR_TARGET_8)",
					"$(LIBRARY_SEARCH_PATHS_QUOTED_FOR_TARGET_9)",
					"$(LIBRARY_SEARCH_PATHS_QUOTED_FOR_TARGET_10)",
					"$(LIBRARY_SEARCH_PATHS_QUOTED_FOR_TARGET_11)",
					"$(LIBRARY_SEARCH_PATHS_QUOTED_FOR_TARGET_12)",
					"$(LIBRARY_SEARCH_PATHS_QUOTED_FOR_TARGET_13)",
					"$(LIBRARY_SEARCH_PATHS_QUOTED_FOR_TARGET_16)",
					"$(LIBRARY_SEARCH_PATHS_QUOTED_FOR_TARGET_17)",
					"$(LIBRARY_SEARCH_PATHS_QUOTED_FOR_TARGET_18)",
					"$(LIBRARY_SEARCH_PATHS_QUOTED_FOR_TARGET_19)",
					"$(LIBRARY_SEARCH_PATHS_QUOTED_FOR_TARGET_20)",
					"$(LIBRARY_SEARCH_PATHS_QUOTED_FOR_TARGET_21)",
					"$(LIBRARY_SEARCH_PATHS_QUOTED_FOR_TARGET_22)",
					"$(LIBRARY_SEARCH_PATHS_QUOTED_FOR_TARGET_23)",
					"$(LIBRARY_SEARCH_PATHS_QUOTED_FOR_TARGET_24)",
					"$(LIBRARY_SEARCH_PATHS_QUOTED_FOR_TARGET_25)",
					"$(LIBRARY_SEARCH_PATHS_QUOTED_FOR_TARGET_26)",
					"$(LIBRARY_SEARCH_PATHS_QUOTED_FOR_TARGET_27)",
					"$(LIBRARY_SEARCH_PATHS_QUOTED_FOR_TARGET_28)",
					"$(LIBRARY_SEARCH_PATHS_QUOTED_FOR_TARGET_29)",
					"$(LIBRARY_SEARCH_PATHS_QUOTED_FOR_TARGET_30)",
					"$(LIBRARY_SEARCH_PATHS_QUOTED_FOR_TARGET_31)",
					"$(LIBRARY_SEARCH_PATHS_QUOTED_FOR_TARGET_32)",
					"$(LIBRARY_SEARCH_PATHS_QUOTED_FOR_TARGET_33)",
					"$(LIBRARY_SEARCH_PATHS_QUOTED_FOR_TARGET_34)",
					"$(LIBRARY_SEARCH_PATHS_QUOTED_FOR_TARGET_35)",
					"$(LIBRARY_SEARCH_PATHS_QUOTED_FOR_TARGET_36)",
					"$(LIBRARY_SEARCH_PATHS_QUOTED_FOR_TARGET_37)",
					"$(LIBRARY_SEARCH_PATHS_QUOTED_FOR_TARGET_38)",
					"$(LIBRARY_SEARCH_PATHS_QUOTED_FOR_TARGET_39)",
					"$(LIBRARY_SEARCH_PATHS_QUOTED_FOR_TARGET_40)",
					"$(LIBRARY_SEARCH_PATHS_QUOTED_FOR_TARGET_41)",
					"$(LIBRARY_SEARCH_PATHS_QUOTED_FOR_TARGET_42)",
					"$(LIBRARY_SEARCH_PATHS_QUOTED_FOR_TARGET_43)",
					"$(LIBRARY_SEARCH_PATHS_QUOTED_FOR_TARGET_44)",
					"$(LIBRARY_SEARCH_PATHS_QUOTED_FOR_TARGET_45)",
					"$(LIBRARY_SEARCH_PATHS_QUOTED_FOR_TARGET_46)",
					"$(LIBRARY_SEARCH_PATHS_QUOTED_FOR_TARGET_47)",
					"$(LIBRARY_SEARCH_PATHS_QUOTED_FOR_TARGET_48)",
					"$(LIBRARY_SEARCH_PATHS_QUOTED_FOR_TARGET_49)",
					"$(LIBRARY_SEARCH_PATHS_QUOTED_FOR_TARGET_50)",
					"$(LIBRARY_SEARCH_PATHS_QUOTED_FOR_TARGET_51)",
				);
				PREBINDING = NO;
				PRODUCT_NAME = "$(TARGET_NAME)";
				WRAPPER_EXTENSION = app;
			};
			name = Release;
		};
/* End XCBuildConfiguration section */

/* Begin XCConfigurationList section */
		E4B69B4D0A3A1720003C02F2 /* Build configuration list for PBXProject "emptyExample" */ = {
			isa = XCConfigurationList;
			buildConfigurations = (
				E4B69B4E0A3A1720003C02F2 /* Debug */,
				E4B69B4F0A3A1720003C02F2 /* Release */,
			);
			defaultConfigurationIsVisible = 0;
			defaultConfigurationName = Release;
		};
		E4B69B5F0A3A1757003C02F2 /* Build configuration list for PBXNativeTarget "emptyExample" */ = {
			isa = XCConfigurationList;
			buildConfigurations = (
				E4B69B600A3A1757003C02F2 /* Debug */,
				E4B69B610A3A1757003C02F2 /* Release */,
			);
			defaultConfigurationIsVisible = 0;
			defaultConfigurationName = Release;
		};
/* End XCConfigurationList section */
	};
	rootObject = E4B69B4C0A3A1720003C02F2 /* Project object */;
}
