<?xml version="1.0" encoding="utf-8"?>
<Project ToolsVersion="4.0" xmlns="http://schemas.microsoft.com/developer/msbuild/2003">
  <ItemGroup>
    <ClCompile Include="src\main.cpp" />
    <ClCompile Include="src\testApp.cpp" />
    <ClCompile Include="..\..\helios_addons\ofxPathfinding\src\ofxPathfinding.cpp">
      <Filter>ofxPathfinding\src</Filter>
    </ClCompile>
  </ItemGroup>
  <ItemGroup>
    <ClInclude Include="src\testApp.h" />
    <ClInclude Include="..\..\helios_addons\ofxPathfinding\src\MapTile.h">
      <Filter>ofxPathfinding\src</Filter>
    </ClInclude>
    <ClInclude Include="..\..\helios_addons\ofxPathfinding\src\ofxPathfinding.h">
      <Filter>ofxPathfinding\src</Filter>
    </ClInclude>
  </ItemGroup>
  <ItemGroup>
    <Filter Include="ofxPathfinding">
      <UniqueIdentifier>{cdc8649f-9eb8-4b01-8d96-ec1bc8fdca2c}</UniqueIdentifier>
    </Filter>
    <Filter Include="ofxPathfinding\src">
      <UniqueIdentifier>{101e4026-37ae-435b-92c4-0a7f77612614}</UniqueIdentifier>
    </Filter>
  </ItemGroup>
</Project>